
Microsoft Visual Studio Solution File, Format Version 12.00
# Visual Studio Version 16
VisualStudioVersion = 16.0.34301.259
MinimumVisualStudioVersion = 10.0.40219.1
Project("{2150E333-8FDC-42A3-9474-1A3956D46DE8}") = "ApiGateway", "ApiGateway", "{9C41AF0E-D069-436F-900C-9A4E2E1092B2}"
EndProject
Project("{2150E333-8FDC-42A3-9474-1A3956D46DE8}") = "Identity", "Identity", "{3D448EC9-8E36-4AF5-8DFC-E596471C5380}"
EndProject
Project("{9A19103F-16F7-4668-BE54-9A1E7A4F7556}") = "CWB.Identity.Tests", "CWB.Identity.Tests\CWB.Identity.Tests.csproj", "{1E45373A-A78A-43F4-82BB-AF96DAB295A9}"
EndProject
Project("{2150E333-8FDC-42A3-9474-1A3956D46DE8}") = "Services", "Services", "{61FF9D18-7F49-488B-998F-213044054D30}"
EndProject
Project("{2150E333-8FDC-42A3-9474-1A3956D46DE8}") = "Utils", "Utils", "{DB358996-6CA2-45A9-A217-3C05B8555715}"
EndProject
Project("{9A19103F-16F7-4668-BE54-9A1E7A4F7556}") = "CWB.Logging", "CWB.Logging\CWB.Logging.csproj", "{AEEB594D-43B8-44A0-94D4-2FAF77C255E3}"
EndProject
Project("{9A19103F-16F7-4668-BE54-9A1E7A4F7556}") = "CWB.Extensions", "CWB.Extensions\CWB.Extensions.csproj", "{C17C75FE-789C-4C70-9B62-15A8FF30BB04}"
EndProject
Project("{9A19103F-16F7-4668-BE54-9A1E7A4F7556}") = "CWB.ExceptionHandling", "CWB.ExceptionHandling\CWB.ExceptionHandling.csproj", "{5446ADEA-74AB-4538-ADD8-6F33F0B9FCB8}"
EndProject
Project("{9A19103F-16F7-4668-BE54-9A1E7A4F7556}") = "CWB.Constants", "CWB.Constants\CWB.Constants.csproj", "{64A00E0F-988D-435F-AA12-2A4E7687CA40}"
EndProject
Project("{9A19103F-16F7-4668-BE54-9A1E7A4F7556}") = "CWB.Identity", "CWB.Identity\CWB.Identity.csproj", "{0C0919CB-4BAC-4CFF-928F-5035B7674748}"
EndProject
Project("{2150E333-8FDC-42A3-9474-1A3956D46DE8}") = "App", "App", "{F312F7B2-96D9-4F45-AB9E-4CBB7332EE65}"
EndProject
Project("{9A19103F-16F7-4668-BE54-9A1E7A4F7556}") = "CWB.App", "CWB.App\CWB.App.csproj", "{F05B5BE9-F845-4D52-8432-CF93218141FB}"
EndProject
Project("{9A19103F-16F7-4668-BE54-9A1E7A4F7556}") = "CWB.Notification", "CWB.Notification\CWB.Notification.csproj", "{7F1F7C9B-F3F2-4C7E-ADCA-5AD587C612E5}"
EndProject
Project("{9A19103F-16F7-4668-BE54-9A1E7A4F7556}") = "CWB.CommonUtils", "CWB.CommonUtils\CWB.CommonUtils.csproj", "{5EFA266F-505F-45EE-A6C1-9DB4AC9EDCE5}"
EndProject
Project("{E53339B2-1760-4266-BCC7-CA923CBCF16C}") = "docker-compose", "docker-compose.dcproj", "{81CB16C6-42F3-444A-80B2-48A31A176369}"
	ProjectSection(ProjectDependencies) = postProject
		{86AFB9FE-B8B1-49CA-895D-B9875D071AEA} = {86AFB9FE-B8B1-49CA-895D-B9875D071AEA}
	EndProjectSection
EndProject
Project("{2150E333-8FDC-42A3-9474-1A3956D46DE8}") = "Email", "Email", "{A9CC30E8-C848-4CBD-9B44-06BB955C4401}"
EndProject
Project("{9A19103F-16F7-4668-BE54-9A1E7A4F7556}") = "CWB.Email", "CWB.Email\CWB.Email.csproj", "{CE57F344-4334-4DB0-8D53-4D35C53265C4}"
EndProject
Project("{2150E333-8FDC-42A3-9474-1A3956D46DE8}") = "Tenant", "Tenant", "{981E6581-297D-4DA8-93E6-D558B50446FA}"
EndProject
Project("{9A19103F-16F7-4668-BE54-9A1E7A4F7556}") = "CWB.Tenant", "CWB.Tenant\CWB.Tenant.csproj", "{6992B263-0444-4FA4-8C0F-D235618ECA49}"
EndProject
Project("{9A19103F-16F7-4668-BE54-9A1E7A4F7556}") = "CWB.Tenant.Tests", "CWB.Tenant.Tests\CWB.Tenant.Tests.csproj", "{C5CE6E20-2F31-4682-AD9F-892D6686E942}"
EndProject
Project("{9A19103F-16F7-4668-BE54-9A1E7A4F7556}") = "CWB.TenantBroker", "CWB.TenantBroker\CWB.TenantBroker.csproj", "{C11FF40D-65C0-4316-9ED4-D121D2A3E85A}"
EndProject
Project("{9A19103F-16F7-4668-BE54-9A1E7A4F7556}") = "CWB.ApiGateway", "CWB.ApiGateway\CWB.ApiGateway.csproj", "{DD35BF16-3B7E-4A78-B1F7-A595F9BC3353}"
EndProject
Project("{9A19103F-16F7-4668-BE54-9A1E7A4F7556}") = "CWB.TenantBroker.Tests", "CWB.TenantBroker.Tests\CWB.TenantBroker.Tests.csproj", "{CBFA8AD8-75BA-40E5-9A7F-A5AF3E648BA6}"
EndProject
Project("{2150E333-8FDC-42A3-9474-1A3956D46DE8}") = "Modules", "Modules", "{138F924F-0508-4ACB-B520-E660732C2735}"
EndProject
Project("{9A19103F-16F7-4668-BE54-9A1E7A4F7556}") = "CWB.Modules", "CWB.Modules\CWB.Modules.csproj", "{2DD2F001-282A-47F3-A8F9-02667A922886}"
EndProject
Project("{2150E333-8FDC-42A3-9474-1A3956D46DE8}") = "Simulation", "Simulation", "{FE39FB4B-DB53-4961-8334-73A64725EBF9}"
EndProject
Project("{9A19103F-16F7-4668-BE54-9A1E7A4F7556}") = "CWB.Simulation", "CWB.Simulation\CWB.Simulation.csproj", "{E6BB583C-3AF2-4865-A348-9B999648922F}"
EndProject
Project("{2150E333-8FDC-42A3-9474-1A3956D46DE8}") = "CompanySettings", "CompanySettings", "{0402D346-FA6B-482C-AA72-1C505F296442}"
EndProject
Project("{2150E333-8FDC-42A3-9474-1A3956D46DE8}") = "Masters", "Masters", "{A5444DA2-6ED6-4239-B37E-1E4A94E7B551}"
EndProject
Project("{9A19103F-16F7-4668-BE54-9A1E7A4F7556}") = "CWB.CompanySettings", "CWB.CompanySettings\CWB.CompanySettings.csproj", "{6DF9D0AF-1D07-4EFC-9725-9622607BF888}"
EndProject
Project("{9A19103F-16F7-4668-BE54-9A1E7A4F7556}") = "CWB.Masters", "CWB.Masters\CWB.Masters.csproj", "{86AFB9FE-B8B1-49CA-895D-B9875D071AEA}"
EndProject
Project("{2150E333-8FDC-42A3-9474-1A3956D46DE8}") = "BusinessAquisition", "BusinessAquisition", "{EDB759E1-F198-4518-9667-67260FA03D77}"
EndProject
Project("{9A19103F-16F7-4668-BE54-9A1E7A4F7556}") = "CWB.BusinessAquisition", "CWB.BusinessAquisition\CWB.BusinessAquisition.csproj", "{5FD42BD3-096C-4833-AA29-22E7BA1ABA48}"
EndProject
Project("{2150E333-8FDC-42A3-9474-1A3956D46DE8}") = "ProductionPlanWO", "ProductionPlanWO", "{C2BD8335-A110-4156-8C6C-979A4ACCC6F4}"
EndProject
Project("{9A19103F-16F7-4668-BE54-9A1E7A4F7556}") = "CWB.ProductionPlanWO", "CWB.ProductionPlanWO\CWB.ProductionPlanWO.csproj", "{8B6264E0-DBD7-4E5E-A59F-B2C4DA9C7D55}"
EndProject
Global
	GlobalSection(SolutionConfigurationPlatforms) = preSolution
		Debug|Any CPU = Debug|Any CPU
		Release|Any CPU = Release|Any CPU
	EndGlobalSection
	GlobalSection(ProjectConfigurationPlatforms) = postSolution
		{1E45373A-A78A-43F4-82BB-AF96DAB295A9}.Debug|Any CPU.ActiveCfg = Debug|Any CPU
		{1E45373A-A78A-43F4-82BB-AF96DAB295A9}.Debug|Any CPU.Build.0 = Debug|Any CPU
		{1E45373A-A78A-43F4-82BB-AF96DAB295A9}.Release|Any CPU.ActiveCfg = Release|Any CPU
		{1E45373A-A78A-43F4-82BB-AF96DAB295A9}.Release|Any CPU.Build.0 = Release|Any CPU
		{AEEB594D-43B8-44A0-94D4-2FAF77C255E3}.Debug|Any CPU.ActiveCfg = Debug|Any CPU
		{AEEB594D-43B8-44A0-94D4-2FAF77C255E3}.Debug|Any CPU.Build.0 = Debug|Any CPU
		{AEEB594D-43B8-44A0-94D4-2FAF77C255E3}.Release|Any CPU.ActiveCfg = Release|Any CPU
		{AEEB594D-43B8-44A0-94D4-2FAF77C255E3}.Release|Any CPU.Build.0 = Release|Any CPU
		{C17C75FE-789C-4C70-9B62-15A8FF30BB04}.Debug|Any CPU.ActiveCfg = Debug|Any CPU
		{C17C75FE-789C-4C70-9B62-15A8FF30BB04}.Debug|Any CPU.Build.0 = Debug|Any CPU
		{C17C75FE-789C-4C70-9B62-15A8FF30BB04}.Release|Any CPU.ActiveCfg = Release|Any CPU
		{C17C75FE-789C-4C70-9B62-15A8FF30BB04}.Release|Any CPU.Build.0 = Release|Any CPU
		{5446ADEA-74AB-4538-ADD8-6F33F0B9FCB8}.Debug|Any CPU.ActiveCfg = Debug|Any CPU
		{5446ADEA-74AB-4538-ADD8-6F33F0B9FCB8}.Debug|Any CPU.Build.0 = Debug|Any CPU
		{5446ADEA-74AB-4538-ADD8-6F33F0B9FCB8}.Release|Any CPU.ActiveCfg = Release|Any CPU
		{5446ADEA-74AB-4538-ADD8-6F33F0B9FCB8}.Release|Any CPU.Build.0 = Release|Any CPU
		{64A00E0F-988D-435F-AA12-2A4E7687CA40}.Debug|Any CPU.ActiveCfg = Debug|Any CPU
		{64A00E0F-988D-435F-AA12-2A4E7687CA40}.Debug|Any CPU.Build.0 = Debug|Any CPU
		{64A00E0F-988D-435F-AA12-2A4E7687CA40}.Release|Any CPU.ActiveCfg = Release|Any CPU
		{64A00E0F-988D-435F-AA12-2A4E7687CA40}.Release|Any CPU.Build.0 = Release|Any CPU
		{0C0919CB-4BAC-4CFF-928F-5035B7674748}.Debug|Any CPU.ActiveCfg = Debug|Any CPU
		{0C0919CB-4BAC-4CFF-928F-5035B7674748}.Debug|Any CPU.Build.0 = Debug|Any CPU
		{0C0919CB-4BAC-4CFF-928F-5035B7674748}.Release|Any CPU.ActiveCfg = Release|Any CPU
		{0C0919CB-4BAC-4CFF-928F-5035B7674748}.Release|Any CPU.Build.0 = Release|Any CPU
		{F05B5BE9-F845-4D52-8432-CF93218141FB}.Debug|Any CPU.ActiveCfg = Debug|Any CPU
		{F05B5BE9-F845-4D52-8432-CF93218141FB}.Debug|Any CPU.Build.0 = Debug|Any CPU
		{F05B5BE9-F845-4D52-8432-CF93218141FB}.Release|Any CPU.ActiveCfg = Release|Any CPU
		{F05B5BE9-F845-4D52-8432-CF93218141FB}.Release|Any CPU.Build.0 = Release|Any CPU
		{7F1F7C9B-F3F2-4C7E-ADCA-5AD587C612E5}.Debug|Any CPU.ActiveCfg = Debug|Any CPU
		{7F1F7C9B-F3F2-4C7E-ADCA-5AD587C612E5}.Debug|Any CPU.Build.0 = Debug|Any CPU
		{7F1F7C9B-F3F2-4C7E-ADCA-5AD587C612E5}.Release|Any CPU.ActiveCfg = Release|Any CPU
		{7F1F7C9B-F3F2-4C7E-ADCA-5AD587C612E5}.Release|Any CPU.Build.0 = Release|Any CPU
		{5EFA266F-505F-45EE-A6C1-9DB4AC9EDCE5}.Debug|Any CPU.ActiveCfg = Debug|Any CPU
		{5EFA266F-505F-45EE-A6C1-9DB4AC9EDCE5}.Debug|Any CPU.Build.0 = Debug|Any CPU
		{5EFA266F-505F-45EE-A6C1-9DB4AC9EDCE5}.Release|Any CPU.ActiveCfg = Release|Any CPU
		{5EFA266F-505F-45EE-A6C1-9DB4AC9EDCE5}.Release|Any CPU.Build.0 = Release|Any CPU
		{81CB16C6-42F3-444A-80B2-48A31A176369}.Debug|Any CPU.ActiveCfg = Debug|Any CPU
		{81CB16C6-42F3-444A-80B2-48A31A176369}.Debug|Any CPU.Build.0 = Debug|Any CPU
		{81CB16C6-42F3-444A-80B2-48A31A176369}.Release|Any CPU.ActiveCfg = Release|Any CPU
		{81CB16C6-42F3-444A-80B2-48A31A176369}.Release|Any CPU.Build.0 = Release|Any CPU
		{CE57F344-4334-4DB0-8D53-4D35C53265C4}.Debug|Any CPU.ActiveCfg = Debug|Any CPU
		{CE57F344-4334-4DB0-8D53-4D35C53265C4}.Debug|Any CPU.Build.0 = Debug|Any CPU
		{CE57F344-4334-4DB0-8D53-4D35C53265C4}.Release|Any CPU.ActiveCfg = Release|Any CPU
		{CE57F344-4334-4DB0-8D53-4D35C53265C4}.Release|Any CPU.Build.0 = Release|Any CPU
		{6992B263-0444-4FA4-8C0F-D235618ECA49}.Debug|Any CPU.ActiveCfg = Debug|Any CPU
		{6992B263-0444-4FA4-8C0F-D235618ECA49}.Debug|Any CPU.Build.0 = Debug|Any CPU
		{6992B263-0444-4FA4-8C0F-D235618ECA49}.Release|Any CPU.ActiveCfg = Release|Any CPU
		{6992B263-0444-4FA4-8C0F-D235618ECA49}.Release|Any CPU.Build.0 = Release|Any CPU
		{C5CE6E20-2F31-4682-AD9F-892D6686E942}.Debug|Any CPU.ActiveCfg = Debug|Any CPU
		{C5CE6E20-2F31-4682-AD9F-892D6686E942}.Debug|Any CPU.Build.0 = Debug|Any CPU
		{C5CE6E20-2F31-4682-AD9F-892D6686E942}.Release|Any CPU.ActiveCfg = Release|Any CPU
		{C5CE6E20-2F31-4682-AD9F-892D6686E942}.Release|Any CPU.Build.0 = Release|Any CPU
		{C11FF40D-65C0-4316-9ED4-D121D2A3E85A}.Debug|Any CPU.ActiveCfg = Debug|Any CPU
		{C11FF40D-65C0-4316-9ED4-D121D2A3E85A}.Debug|Any CPU.Build.0 = Debug|Any CPU
		{C11FF40D-65C0-4316-9ED4-D121D2A3E85A}.Release|Any CPU.ActiveCfg = Release|Any CPU
		{C11FF40D-65C0-4316-9ED4-D121D2A3E85A}.Release|Any CPU.Build.0 = Release|Any CPU
		{DD35BF16-3B7E-4A78-B1F7-A595F9BC3353}.Debug|Any CPU.ActiveCfg = Debug|Any CPU
		{DD35BF16-3B7E-4A78-B1F7-A595F9BC3353}.Debug|Any CPU.Build.0 = Debug|Any CPU
		{DD35BF16-3B7E-4A78-B1F7-A595F9BC3353}.Release|Any CPU.ActiveCfg = Release|Any CPU
		{DD35BF16-3B7E-4A78-B1F7-A595F9BC3353}.Release|Any CPU.Build.0 = Release|Any CPU
		{CBFA8AD8-75BA-40E5-9A7F-A5AF3E648BA6}.Debug|Any CPU.ActiveCfg = Debug|Any CPU
		{CBFA8AD8-75BA-40E5-9A7F-A5AF3E648BA6}.Debug|Any CPU.Build.0 = Debug|Any CPU
		{CBFA8AD8-75BA-40E5-9A7F-A5AF3E648BA6}.Release|Any CPU.ActiveCfg = Release|Any CPU
		{CBFA8AD8-75BA-40E5-9A7F-A5AF3E648BA6}.Release|Any CPU.Build.0 = Release|Any CPU
		{2DD2F001-282A-47F3-A8F9-02667A922886}.Debug|Any CPU.ActiveCfg = Debug|Any CPU
		{2DD2F001-282A-47F3-A8F9-02667A922886}.Debug|Any CPU.Build.0 = Debug|Any CPU
		{2DD2F001-282A-47F3-A8F9-02667A922886}.Release|Any CPU.ActiveCfg = Release|Any CPU
		{2DD2F001-282A-47F3-A8F9-02667A922886}.Release|Any CPU.Build.0 = Release|Any CPU
		{E6BB583C-3AF2-4865-A348-9B999648922F}.Debug|Any CPU.ActiveCfg = Debug|Any CPU
		{E6BB583C-3AF2-4865-A348-9B999648922F}.Debug|Any CPU.Build.0 = Debug|Any CPU
		{E6BB583C-3AF2-4865-A348-9B999648922F}.Release|Any CPU.ActiveCfg = Release|Any CPU
		{E6BB583C-3AF2-4865-A348-9B999648922F}.Release|Any CPU.Build.0 = Release|Any CPU
		{6DF9D0AF-1D07-4EFC-9725-9622607BF888}.Debug|Any CPU.ActiveCfg = Debug|Any CPU
		{6DF9D0AF-1D07-4EFC-9725-9622607BF888}.Debug|Any CPU.Build.0 = Debug|Any CPU
		{6DF9D0AF-1D07-4EFC-9725-9622607BF888}.Release|Any CPU.ActiveCfg = Release|Any CPU
		{6DF9D0AF-1D07-4EFC-9725-9622607BF888}.Release|Any CPU.Build.0 = Release|Any CPU
		{86AFB9FE-B8B1-49CA-895D-B9875D071AEA}.Debug|Any CPU.ActiveCfg = Debug|Any CPU
		{86AFB9FE-B8B1-49CA-895D-B9875D071AEA}.Debug|Any CPU.Build.0 = Debug|Any CPU
		{86AFB9FE-B8B1-49CA-895D-B9875D071AEA}.Release|Any CPU.ActiveCfg = Release|Any CPU
		{86AFB9FE-B8B1-49CA-895D-B9875D071AEA}.Release|Any CPU.Build.0 = Release|Any CPU
		{5FD42BD3-096C-4833-AA29-22E7BA1ABA48}.Debug|Any CPU.ActiveCfg = Debug|Any CPU
		{5FD42BD3-096C-4833-AA29-22E7BA1ABA48}.Debug|Any CPU.Build.0 = Debug|Any CPU
		{5FD42BD3-096C-4833-AA29-22E7BA1ABA48}.Release|Any CPU.ActiveCfg = Release|Any CPU
		{5FD42BD3-096C-4833-AA29-22E7BA1ABA48}.Release|Any CPU.Build.0 = Release|Any CPU
		{8B6264E0-DBD7-4E5E-A59F-B2C4DA9C7D55}.Debug|Any CPU.ActiveCfg = Debug|Any CPU
		{8B6264E0-DBD7-4E5E-A59F-B2C4DA9C7D55}.Debug|Any CPU.Build.0 = Debug|Any CPU
		{8B6264E0-DBD7-4E5E-A59F-B2C4DA9C7D55}.Release|Any CPU.ActiveCfg = Release|Any CPU
		{8B6264E0-DBD7-4E5E-A59F-B2C4DA9C7D55}.Release|Any CPU.Build.0 = Release|Any CPU
	EndGlobalSection
	GlobalSection(SolutionProperties) = preSolution
		HideSolutionNode = FALSE
	EndGlobalSection
	GlobalSection(NestedProjects) = preSolution
		{1E45373A-A78A-43F4-82BB-AF96DAB295A9} = {3D448EC9-8E36-4AF5-8DFC-E596471C5380}
		{AEEB594D-43B8-44A0-94D4-2FAF77C255E3} = {DB358996-6CA2-45A9-A217-3C05B8555715}
		{C17C75FE-789C-4C70-9B62-15A8FF30BB04} = {DB358996-6CA2-45A9-A217-3C05B8555715}
		{5446ADEA-74AB-4538-ADD8-6F33F0B9FCB8} = {DB358996-6CA2-45A9-A217-3C05B8555715}
		{64A00E0F-988D-435F-AA12-2A4E7687CA40} = {DB358996-6CA2-45A9-A217-3C05B8555715}
		{0C0919CB-4BAC-4CFF-928F-5035B7674748} = {3D448EC9-8E36-4AF5-8DFC-E596471C5380}
		{F05B5BE9-F845-4D52-8432-CF93218141FB} = {F312F7B2-96D9-4F45-AB9E-4CBB7332EE65}
		{7F1F7C9B-F3F2-4C7E-ADCA-5AD587C612E5} = {DB358996-6CA2-45A9-A217-3C05B8555715}
		{5EFA266F-505F-45EE-A6C1-9DB4AC9EDCE5} = {DB358996-6CA2-45A9-A217-3C05B8555715}
		{A9CC30E8-C848-4CBD-9B44-06BB955C4401} = {61FF9D18-7F49-488B-998F-213044054D30}
		{CE57F344-4334-4DB0-8D53-4D35C53265C4} = {A9CC30E8-C848-4CBD-9B44-06BB955C4401}
		{981E6581-297D-4DA8-93E6-D558B50446FA} = {61FF9D18-7F49-488B-998F-213044054D30}
		{6992B263-0444-4FA4-8C0F-D235618ECA49} = {981E6581-297D-4DA8-93E6-D558B50446FA}
		{C5CE6E20-2F31-4682-AD9F-892D6686E942} = {981E6581-297D-4DA8-93E6-D558B50446FA}
		{C11FF40D-65C0-4316-9ED4-D121D2A3E85A} = {981E6581-297D-4DA8-93E6-D558B50446FA}
		{DD35BF16-3B7E-4A78-B1F7-A595F9BC3353} = {9C41AF0E-D069-436F-900C-9A4E2E1092B2}
		{CBFA8AD8-75BA-40E5-9A7F-A5AF3E648BA6} = {981E6581-297D-4DA8-93E6-D558B50446FA}
		{138F924F-0508-4ACB-B520-E660732C2735} = {61FF9D18-7F49-488B-998F-213044054D30}
		{2DD2F001-282A-47F3-A8F9-02667A922886} = {138F924F-0508-4ACB-B520-E660732C2735}
		{FE39FB4B-DB53-4961-8334-73A64725EBF9} = {61FF9D18-7F49-488B-998F-213044054D30}
		{E6BB583C-3AF2-4865-A348-9B999648922F} = {FE39FB4B-DB53-4961-8334-73A64725EBF9}
		{0402D346-FA6B-482C-AA72-1C505F296442} = {61FF9D18-7F49-488B-998F-213044054D30}
		{A5444DA2-6ED6-4239-B37E-1E4A94E7B551} = {61FF9D18-7F49-488B-998F-213044054D30}
		{6DF9D0AF-1D07-4EFC-9725-9622607BF888} = {0402D346-FA6B-482C-AA72-1C505F296442}
		{86AFB9FE-B8B1-49CA-895D-B9875D071AEA} = {A5444DA2-6ED6-4239-B37E-1E4A94E7B551}
		{EDB759E1-F198-4518-9667-67260FA03D77} = {61FF9D18-7F49-488B-998F-213044054D30}
		{5FD42BD3-096C-4833-AA29-22E7BA1ABA48} = {EDB759E1-F198-4518-9667-67260FA03D77}
		{C2BD8335-A110-4156-8C6C-979A4ACCC6F4} = {61FF9D18-7F49-488B-998F-213044054D30}
		{8B6264E0-DBD7-4E5E-A59F-B2C4DA9C7D55} = {C2BD8335-A110-4156-8C6C-979A4ACCC6F4}
	EndGlobalSection
	GlobalSection(ExtensibilityGlobals) = postSolution
		SolutionGuid = {DA44A79F-B758-45FC-AB63-8B375F45B4BF}
	EndGlobalSection
EndGlobal
